
Microsoft Visual Studio Solution File, Format Version 12.00
# Visual Studio Version 16
VisualStudioVersion = 16.0.35325.158
MinimumVisualStudioVersion = 10.0.40219.1
Project("{E24C65DC-7377-472B-9ABA-BC803B73C61A}") = "IndicadoresAcatlan", "http://localhost:63854", "{D5C869D6-D2A1-4872-BABA-65FE62723A73}"
	ProjectSection(WebsiteProperties) = preProject
		UseIISExpress = "true"
		TargetFrameworkMoniker = ".NETFramework,Version%3Dv4.8"
		Debug.AspNetCompiler.VirtualPath = "/localhost_63854"
		Debug.AspNetCompiler.PhysicalPath = "IndicadoresAcatlan\"
		Debug.AspNetCompiler.TargetPath = "PrecompiledWeb\localhost_63854\"
		Debug.AspNetCompiler.Updateable = "true"
		Debug.AspNetCompiler.ForceOverwrite = "true"
		Debug.AspNetCompiler.FixedNames = "false"
		Debug.AspNetCompiler.Debug = "True"
		Release.AspNetCompiler.VirtualPath = "/localhost_63854"
		Release.AspNetCompiler.PhysicalPath = "IndicadoresAcatlan\"
		Release.AspNetCompiler.TargetPath = "PrecompiledWeb\localhost_63854\"
		Release.AspNetCompiler.Updateable = "true"
		Release.AspNetCompiler.ForceOverwrite = "true"
		Release.AspNetCompiler.FixedNames = "false"
		Release.AspNetCompiler.Debug = "False"
		SlnRelativePath = "IndicadoresAcatlan\"
	EndProjectSection
EndProject
Global
	GlobalSection(SolutionConfigurationPlatforms) = preSolution
		Debug|Any CPU = Debug|Any CPU
	EndGlobalSection
	GlobalSection(ProjectConfigurationPlatforms) = postSolution
		{D5C869D6-D2A1-4872-BABA-65FE62723A73}.Debug|Any CPU.ActiveCfg = Debug|Any CPU
		{D5C869D6-D2A1-4872-BABA-65FE62723A73}.Debug|Any CPU.Build.0 = Debug|Any CPU
	EndGlobalSection
	GlobalSection(SolutionProperties) = preSolution
		HideSolutionNode = FALSE
	EndGlobalSection
	GlobalSection(ExtensibilityGlobals) = postSolution
		SolutionGuid = {C779D383-A719-4206-AC68-361F66905A63}
	EndGlobalSection
EndGlobal
